// !$*UTF8*$!
{
	archiveVersion = 1;
	classes = {
	};
	objectVersion = 77;
	objects = {

/* Begin PBXBuildFile section */
		74160F392F3F08F500B8A4F2 /* s_typeApp.swift in Sources */ = {isa = PBXBuildFile; fileRef = 74160F362F3F08F500B8A4F2 /* s_typeApp.swift */; };
		74160F3A2F3F08F500B8A4F2 /* ContentView.swift in Sources */ = {isa = PBXBuildFile; fileRef = 74160F352F3F08F500B8A4F2 /* ContentView.swift */; };
		74160F3B2F3F08F500B8A4F2 /* Assets.xcassets in Resources */ = {isa = PBXBuildFile; fileRef = 74160F342F3F08F500B8A4F2 /* Assets.xcassets */; };
		74160F492F3F090C00B8A4F2 /* emojis.json in Resources */ = {isa = PBXBuildFile; fileRef = 74160F422F3F090C00B8A4F2 /* emojis.json */; };
		74160F4A2F3F090C00B8A4F2 /* EmojiCategoryBar.swift in Sources */ = {isa = PBXBuildFile; fileRef = 74160F3D2F3F090C00B8A4F2 /* EmojiCategoryBar.swift */; };
		74160F4B2F3F090C00B8A4F2 /* EmojiCell.swift in Sources */ = {isa = PBXBuildFile; fileRef = 74160F3E2F3F090C00B8A4F2 /* EmojiCell.swift */; };
		74160F4C2F3F090C00B8A4F2 /* Emoji.swift in Sources */ = {isa = PBXBuildFile; fileRef = 74160F3C2F3F090C00B8A4F2 /* Emoji.swift */; };
		74160F4D2F3F090C00B8A4F2 /* EmojiManager.swift in Sources */ = {isa = PBXBuildFile; fileRef = 74160F402F3F090C00B8A4F2 /* EmojiManager.swift */; };
		74160F4E2F3F090C00B8A4F2 /* EmojiCollectionView.swift in Sources */ = {isa = PBXBuildFile; fileRef = 74160F3F2F3F090C00B8A4F2 /* EmojiCollectionView.swift */; };
		74160F4F2F3F090C00B8A4F2 /* KeyboardViewController.swift in Sources */ = {isa = PBXBuildFile; fileRef = 74160F452F3F090C00B8A4F2 /* KeyboardViewController.swift */; };
		74FFDDA72F39CC3D0067C958 /* s-type-keybaord.appex in Embed Foundation Extensions */ = {isa = PBXBuildFile; fileRef = 74FFDDA02F39CC3D0067C958 /* s-type-keybaord.appex */; settings = {ATTRIBUTES = (RemoveHeadersOnCopy, ); }; };
/* End PBXBuildFile section */

/* Begin PBXContainerItemProxy section */
		74FFDDA52F39CC3D0067C958 /* PBXContainerItemProxy */ = {
			isa = PBXContainerItemProxy;
			containerPortal = 74FFDD862F39C9CA0067C958 /* Project object */;
			proxyType = 1;
			remoteGlobalIDString = 74FFDD9F2F39CC3D0067C958;
			remoteInfo = "s-type-keybaord";
		};
/* End PBXContainerItemProxy section */

/* Begin PBXCopyFilesBuildPhase section */
		74FFDDAC2F39CC3D0067C958 /* Embed Foundation Extensions */ = {
			isa = PBXCopyFilesBuildPhase;
			buildActionMask = 2147483647;
			dstPath = "";
			dstSubfolderSpec = 13;
			files = (
				74FFDDA72F39CC3D0067C958 /* s-type-keybaord.appex in Embed Foundation Extensions */,
			);
			name = "Embed Foundation Extensions";
			runOnlyForDeploymentPostprocessing = 0;
		};
/* End PBXCopyFilesBuildPhase section */

/* Begin PBXFileReference section */
		74160F342F3F08F500B8A4F2 /* Assets.xcassets */ = {isa = PBXFileReference; lastKnownFileType = folder.assetcatalog; path = Assets.xcassets; sourceTree = "<group>"; };
		74160F352F3F08F500B8A4F2 /* ContentView.swift */ = {isa = PBXFileReference; lastKnownFileType = sourcecode.swift; path = ContentView.swift; sourceTree = "<group>"; };
		74160F362F3F08F500B8A4F2 /* s_typeApp.swift */ = {isa = PBXFileReference; lastKnownFileType = sourcecode.swift; path = s_typeApp.swift; sourceTree = "<group>"; };
		74160F372F3F08F500B8A4F2 /* s-type.entitlements */ = {isa = PBXFileReference; lastKnownFileType = text.plist.entitlements; path = "s-type.entitlements"; sourceTree = "<group>"; };
		74160F3C2F3F090C00B8A4F2 /* Emoji.swift */ = {isa = PBXFileReference; lastKnownFileType = sourcecode.swift; path = Emoji.swift; sourceTree = "<group>"; };
		74160F3D2F3F090C00B8A4F2 /* EmojiCategoryBar.swift */ = {isa = PBXFileReference; lastKnownFileType = sourcecode.swift; path = EmojiCategoryBar.swift; sourceTree = "<group>"; };
		74160F3E2F3F090C00B8A4F2 /* EmojiCell.swift */ = {isa = PBXFileReference; lastKnownFileType = sourcecode.swift; path = EmojiCell.swift; sourceTree = "<group>"; };
		74160F3F2F3F090C00B8A4F2 /* EmojiCollectionView.swift */ = {isa = PBXFileReference; lastKnownFileType = sourcecode.swift; path = EmojiCollectionView.swift; sourceTree = "<group>"; };
		74160F402F3F090C00B8A4F2 /* EmojiManager.swift */ = {isa = PBXFileReference; lastKnownFileType = sourcecode.swift; path = EmojiManager.swift; sourceTree = "<group>"; };
		74160F422F3F090C00B8A4F2 /* emojis.json */ = {isa = PBXFileReference; lastKnownFileType = text.json; path = emojis.json; sourceTree = "<group>"; };
		74160F442F3F090C00B8A4F2 /* Info.plist */ = {isa = PBXFileReference; lastKnownFileType = text.plist.xml; path = Info.plist; sourceTree = "<group>"; };
		74160F452F3F090C00B8A4F2 /* KeyboardViewController.swift */ = {isa = PBXFileReference; lastKnownFileType = sourcecode.swift; path = KeyboardViewController.swift; sourceTree = "<group>"; };
		74160F462F3F090C00B8A4F2 /* s-type-keybaord.entitlements */ = {isa = PBXFileReference; lastKnownFileType = text.plist.entitlements; path = "s-type-keybaord.entitlements"; sourceTree = "<group>"; };
		74160F532F3F094C00B8A4F2 /* supreme-typer.xcodeproj */ = {isa = PBXFileReference; lastKnownFileType = "wrapper.pb-project"; path = "supreme-typer.xcodeproj"; sourceTree = "<group>"; };
		74FFDD8E2F39C9CA0067C958 /* s-type.app */ = {isa = PBXFileReference; explicitFileType = wrapper.application; includeInIndex = 0; path = "s-type.app"; sourceTree = BUILT_PRODUCTS_DIR; };
		74FFDDA02F39CC3D0067C958 /* s-type-keybaord.appex */ = {isa = PBXFileReference; explicitFileType = "wrapper.app-extension"; includeInIndex = 0; path = "s-type-keybaord.appex"; sourceTree = BUILT_PRODUCTS_DIR; };
/* End PBXFileReference section */

/* Begin PBXFrameworksBuildPhase section */
		74FFDD8B2F39C9CA0067C958 /* Frameworks */ = {
			isa = PBXFrameworksBuildPhase;
			buildActionMask = 2147483647;
			files = (
			);
			runOnlyForDeploymentPostprocessing = 0;
		};
		74FFDD9D2F39CC3D0067C958 /* Frameworks */ = {
			isa = PBXFrameworksBuildPhase;
			buildActionMask = 2147483647;
			files = (
			);
			runOnlyForDeploymentPostprocessing = 0;
		};
/* End PBXFrameworksBuildPhase section */

/* Begin PBXGroup section */
		74160F382F3F08F500B8A4F2 /* supreme-typer */ = {
			isa = PBXGroup;
			children = (
				74160F342F3F08F500B8A4F2 /* Assets.xcassets */,
				74160F352F3F08F500B8A4F2 /* ContentView.swift */,
				74160F362F3F08F500B8A4F2 /* s_typeApp.swift */,
				74160F372F3F08F500B8A4F2 /* s-type.entitlements */,
			);
			path = "supreme-typer";
			sourceTree = "<group>";
		};
		74160F412F3F090C00B8A4F2 /* Emoji */ = {
			isa = PBXGroup;
			children = (
				74160F3C2F3F090C00B8A4F2 /* Emoji.swift */,
				74160F3D2F3F090C00B8A4F2 /* EmojiCategoryBar.swift */,
				74160F3E2F3F090C00B8A4F2 /* EmojiCell.swift */,
				74160F3F2F3F090C00B8A4F2 /* EmojiCollectionView.swift */,
				74160F402F3F090C00B8A4F2 /* EmojiManager.swift */,
			);
			path = Emoji;
			sourceTree = "<group>";
		};
		74160F432F3F090C00B8A4F2 /* Resources */ = {
			isa = PBXGroup;
			children = (
				74160F422F3F090C00B8A4F2 /* emojis.json */,
			);
			path = Resources;
			sourceTree = "<group>";
		};
		74160F472F3F090C00B8A4F2 /* supreme-typer-keybaord */ = {
			isa = PBXGroup;
			children = (
				74160F412F3F090C00B8A4F2 /* Emoji */,
				74160F432F3F090C00B8A4F2 /* Resources */,
				74160F442F3F090C00B8A4F2 /* Info.plist */,
				74160F452F3F090C00B8A4F2 /* KeyboardViewController.swift */,
				74160F462F3F090C00B8A4F2 /* s-type-keybaord.entitlements */,
			);
			path = "supreme-typer-keybaord";
			sourceTree = "<group>";
		};
		74160F542F3F094C00B8A4F2 /* Products */ = {
			isa = PBXGroup;
			name = Products;
			sourceTree = "<group>";
		};
		74FFDD852F39C9CA0067C958 = {
			isa = PBXGroup;
			children = (
				74160F532F3F094C00B8A4F2 /* supreme-typer.xcodeproj */,
				74160F472F3F090C00B8A4F2 /* supreme-typer-keybaord */,
				74160F382F3F08F500B8A4F2 /* supreme-typer */,
				74FFDD8F2F39C9CA0067C958 /* Products */,
			);
			sourceTree = "<group>";
		};
		74FFDD8F2F39C9CA0067C958 /* Products */ = {
			isa = PBXGroup;
			children = (
				74FFDD8E2F39C9CA0067C958 /* s-type.app */,
				74FFDDA02F39CC3D0067C958 /* s-type-keybaord.appex */,
			);
			name = Products;
			sourceTree = "<group>";
		};
/* End PBXGroup section */

/* Begin PBXNativeTarget section */
		74FFDD8D2F39C9CA0067C958 /* s-type */ = {
			isa = PBXNativeTarget;
			buildConfigurationList = 74FFDD992F39C9CB0067C958 /* Build configuration list for PBXNativeTarget "s-type" */;
			buildPhases = (
				74FFDD8A2F39C9CA0067C958 /* Sources */,
				74FFDD8B2F39C9CA0067C958 /* Frameworks */,
				74FFDD8C2F39C9CA0067C958 /* Resources */,
				74FFDDAC2F39CC3D0067C958 /* Embed Foundation Extensions */,
			);
			buildRules = (
			);
			dependencies = (
				74FFDDA62F39CC3D0067C958 /* PBXTargetDependency */,
			);
			name = "s-type";
			packageProductDependencies = (
			);
			productName = "s-type";
			productReference = 74FFDD8E2F39C9CA0067C958 /* s-type.app */;
			productType = "com.apple.product-type.application";
		};
		74FFDD9F2F39CC3D0067C958 /* s-type-keybaord */ = {
			isa = PBXNativeTarget;
			buildConfigurationList = 74FFDDA92F39CC3D0067C958 /* Build configuration list for PBXNativeTarget "s-type-keybaord" */;
			buildPhases = (
				74FFDD9C2F39CC3D0067C958 /* Sources */,
				74FFDD9D2F39CC3D0067C958 /* Frameworks */,
				74FFDD9E2F39CC3D0067C958 /* Resources */,
			);
			buildRules = (
			);
			dependencies = (
			);
			name = "s-type-keybaord";
			packageProductDependencies = (
			);
			productName = "s-type-keybaord";
			productReference = 74FFDDA02F39CC3D0067C958 /* s-type-keybaord.appex */;
			productType = "com.apple.product-type.app-extension";
		};
/* End PBXNativeTarget section */

/* Begin PBXProject section */
		74FFDD862F39C9CA0067C958 /* Project object */ = {
			isa = PBXProject;
			attributes = {
				BuildIndependentTargetsInParallel = 1;
				LastSwiftUpdateCheck = 2620;
				LastUpgradeCheck = 2620;
				TargetAttributes = {
					74FFDD8D2F39C9CA0067C958 = {
						CreatedOnToolsVersion = 26.2;
					};
					74FFDD9F2F39CC3D0067C958 = {
						CreatedOnToolsVersion = 26.2;
					};
				};
			};
			buildConfigurationList = 74FFDD892F39C9CA0067C958 /* Build configuration list for PBXProject "supreme-typer" */;
			developmentRegion = en;
			hasScannedForEncodings = 0;
			knownRegions = (
				en,
				Base,
			);
			mainGroup = 74FFDD852F39C9CA0067C958;
			minimizedProjectReferenceProxies = 1;
			preferredProjectObjectVersion = 77;
			productRefGroup = 74FFDD8F2F39C9CA0067C958 /* Products */;
			projectDirPath = "";
			projectReferences = (
				{
					ProductGroup = 74160F542F3F094C00B8A4F2 /* Products */;
					ProjectRef = 74160F532F3F094C00B8A4F2 /* supreme-typer.xcodeproj */;
				},
			);
			projectRoot = "";
			targets = (
				74FFDD8D2F39C9CA0067C958 /* s-type */,
				74FFDD9F2F39CC3D0067C958 /* s-type-keybaord */,
			);
		};
/* End PBXProject section */

/* Begin PBXResourcesBuildPhase section */
		74FFDD8C2F39C9CA0067C958 /* Resources */ = {
			isa = PBXResourcesBuildPhase;
			buildActionMask = 2147483647;
			files = (
				74160F3B2F3F08F500B8A4F2 /* Assets.xcassets in Resources */,
			);
			runOnlyForDeploymentPostprocessing = 0;
		};
		74FFDD9E2F39CC3D0067C958 /* Resources */ = {
			isa = PBXResourcesBuildPhase;
			buildActionMask = 2147483647;
			files = (
				74160F492F3F090C00B8A4F2 /* emojis.json in Resources */,
			);
			runOnlyForDeploymentPostprocessing = 0;
		};
/* End PBXResourcesBuildPhase section */

/* Begin PBXSourcesBuildPhase section */
		74FFDD8A2F39C9CA0067C958 /* Sources */ = {
			isa = PBXSourcesBuildPhase;
			buildActionMask = 2147483647;
			files = (
				74160F392F3F08F500B8A4F2 /* s_typeApp.swift in Sources */,
				74160F3A2F3F08F500B8A4F2 /* ContentView.swift in Sources */,
			);
			runOnlyForDeploymentPostprocessing = 0;
		};
		74FFDD9C2F39CC3D0067C958 /* Sources */ = {
			isa = PBXSourcesBuildPhase;
			buildActionMask = 2147483647;
			files = (
				74160F4A2F3F090C00B8A4F2 /* EmojiCategoryBar.swift in Sources */,
				74160F4B2F3F090C00B8A4F2 /* EmojiCell.swift in Sources */,
				74160F4C2F3F090C00B8A4F2 /* Emoji.swift in Sources */,
				74160F4D2F3F090C00B8A4F2 /* EmojiManager.swift in Sources */,
				74160F4E2F3F090C00B8A4F2 /* EmojiCollectionView.swift in Sources */,
				74160F4F2F3F090C00B8A4F2 /* KeyboardViewController.swift in Sources */,
			);
			runOnlyForDeploymentPostprocessing = 0;
		};
/* End PBXSourcesBuildPhase section */

/* Begin PBXTargetDependency section */
		74FFDDA62F39CC3D0067C958 /* PBXTargetDependency */ = {
			isa = PBXTargetDependency;
			target = 74FFDD9F2F39CC3D0067C958 /* s-type-keybaord */;
			targetProxy = 74FFDDA52F39CC3D0067C958 /* PBXContainerItemProxy */;
		};
/* End PBXTargetDependency section */

/* Begin XCBuildConfiguration section */
		74FFDD972F39C9CB0067C958 /* Debug */ = {
			isa = XCBuildConfiguration;
			buildSettings = {
				ALWAYS_SEARCH_USER_PATHS = NO;
				ASSETCATALOG_COMPILER_GENERATE_SWIFT_ASSET_SYMBOL_EXTENSIONS = YES;
				CLANG_ANALYZER_NONNULL = YES;
				CLANG_ANALYZER_NUMBER_OBJECT_CONVERSION = YES_AGGRESSIVE;
				CLANG_CXX_LANGUAGE_STANDARD = "gnu++20";
				CLANG_ENABLE_MODULES = YES;
				CLANG_ENABLE_OBJC_ARC = YES;
				CLANG_ENABLE_OBJC_WEAK = YES;
				CLANG_WARN_BLOCK_CAPTURE_AUTORELEASING = YES;
				CLANG_WARN_BOOL_CONVERSION = YES;
				CLANG_WARN_COMMA = YES;
				CLANG_WARN_CONSTANT_CONVERSION = YES;
				CLANG_WARN_DEPRECATED_OBJC_IMPLEMENTATIONS = YES;
				CLANG_WARN_DIRECT_OBJC_ISA_USAGE = YES_ERROR;
				CLANG_WARN_DOCUMENTATION_COMMENTS = YES;
				CLANG_WARN_EMPTY_BODY = YES;
				CLANG_WARN_ENUM_CONVERSION = YES;
				CLANG_WARN_INFINITE_RECURSION = YES;
				CLANG_WARN_INT_CONVERSION = YES;
				CLANG_WARN_NON_LITERAL_NULL_CONVERSION = YES;
				CLANG_WARN_OBJC_IMPLICIT_RETAIN_SELF = YES;
				CLANG_WARN_OBJC_LITERAL_CONVERSION = YES;
				CLANG_WARN_OBJC_ROOT_CLASS = YES_ERROR;
				CLANG_WARN_QUOTED_INCLUDE_IN_FRAMEWORK_HEADER = YES;
				CLANG_WARN_RANGE_LOOP_ANALYSIS = YES;
				CLANG_WARN_STRICT_PROTOTYPES = YES;
				CLANG_WARN_SUSPICIOUS_MOVE = YES;
				CLANG_WARN_UNGUARDED_AVAILABILITY = YES_AGGRESSIVE;
				CLANG_WARN_UNREACHABLE_CODE = YES;
				CLANG_WARN__DUPLICATE_METHOD_MATCH = YES;
				COPY_PHASE_STRIP = NO;
				DEBUG_INFORMATION_FORMAT = dwarf;
				ENABLE_STRICT_OBJC_MSGSEND = YES;
				ENABLE_TESTABILITY = YES;
				ENABLE_USER_SCRIPT_SANDBOXING = YES;
				GCC_C_LANGUAGE_STANDARD = gnu17;
				GCC_DYNAMIC_NO_PIC = NO;
				GCC_NO_COMMON_BLOCKS = YES;
				GCC_OPTIMIZATION_LEVEL = 0;
				GCC_PREPROCESSOR_DEFINITIONS = (
					"DEBUG=1",
					"$(inherited)",
				);
				GCC_WARN_64_TO_32_BIT_CONVERSION = YES;
				GCC_WARN_ABOUT_RETURN_TYPE = YES_ERROR;
				GCC_WARN_UNDECLARED_SELECTOR = YES;
				GCC_WARN_UNINITIALIZED_AUTOS = YES_AGGRESSIVE;
				GCC_WARN_UNUSED_FUNCTION = YES;
				GCC_WARN_UNUSED_VARIABLE = YES;
				IPHONEOS_DEPLOYMENT_TARGET = 26.2;
				LOCALIZATION_PREFERS_STRING_CATALOGS = YES;
				MTL_ENABLE_DEBUG_INFO = INCLUDE_SOURCE;
				MTL_FAST_MATH = YES;
				ONLY_ACTIVE_ARCH = YES;
				SDKROOT = iphoneos;
				SWIFT_ACTIVE_COMPILATION_CONDITIONS = "DEBUG $(inherited)";
				SWIFT_OPTIMIZATION_LEVEL = "-Onone";
			};
			name = Debug;
		};
		74FFDD982F39C9CB0067C958 /* Release */ = {
			isa = XCBuildConfiguration;
			buildSettings = {
				ALWAYS_SEARCH_USER_PATHS = NO;
				ASSETCATALOG_COMPILER_GENERATE_SWIFT_ASSET_SYMBOL_EXTENSIONS = YES;
				CLANG_ANALYZER_NONNULL = YES;
				CLANG_ANALYZER_NUMBER_OBJECT_CONVERSION = YES_AGGRESSIVE;
				CLANG_CXX_LANGUAGE_STANDARD = "gnu++20";
				CLANG_ENABLE_MODULES = YES;
				CLANG_ENABLE_OBJC_ARC = YES;
				CLANG_ENABLE_OBJC_WEAK = YES;
				CLANG_WARN_BLOCK_CAPTURE_AUTORELEASING = YES;
				CLANG_WARN_BOOL_CONVERSION = YES;
				CLANG_WARN_COMMA = YES;
				CLANG_WARN_CONSTANT_CONVERSION = YES;
				CLANG_WARN_DEPRECATED_OBJC_IMPLEMENTATIONS = YES;
				CLANG_WARN_DIRECT_OBJC_ISA_USAGE = YES_ERROR;
				CLANG_WARN_DOCUMENTATION_COMMENTS = YES;
				CLANG_WARN_EMPTY_BODY = YES;
				CLANG_WARN_ENUM_CONVERSION = YES;
				CLANG_WARN_INFINITE_RECURSION = YES;
				CLANG_WARN_INT_CONVERSION = YES;
				CLANG_WARN_NON_LITERAL_NULL_CONVERSION = YES;
				CLANG_WARN_OBJC_IMPLICIT_RETAIN_SELF = YES;
				CLANG_WARN_OBJC_LITERAL_CONVERSION = YES;
				CLANG_WARN_OBJC_ROOT_CLASS = YES_ERROR;
				CLANG_WARN_QUOTED_INCLUDE_IN_FRAMEWORK_HEADER = YES;
				CLANG_WARN_RANGE_LOOP_ANALYSIS = YES;
				CLANG_WARN_STRICT_PROTOTYPES = YES;
				CLANG_WARN_SUSPICIOUS_MOVE = YES;
				CLANG_WARN_UNGUARDED_AVAILABILITY = YES_AGGRESSIVE;
				CLANG_WARN_UNREACHABLE_CODE = YES;
				CLANG_WARN__DUPLICATE_METHOD_MATCH = YES;
				COPY_PHASE_STRIP = NO;
				DEBUG_INFORMATION_FORMAT = "dwarf-with-dsym";
				ENABLE_NS_ASSERTIONS = NO;
				ENABLE_STRICT_OBJC_MSGSEND = YES;
				ENABLE_USER_SCRIPT_SANDBOXING = YES;
				GCC_C_LANGUAGE_STANDARD = gnu17;
				GCC_NO_COMMON_BLOCKS = YES;
				GCC_WARN_64_TO_32_BIT_CONVERSION = YES;
				GCC_WARN_ABOUT_RETURN_TYPE = YES_ERROR;
				GCC_WARN_UNDECLARED_SELECTOR = YES;
				GCC_WARN_UNINITIALIZED_AUTOS = YES_AGGRESSIVE;
				GCC_WARN_UNUSED_FUNCTION = YES;
				GCC_WARN_UNUSED_VARIABLE = YES;
				IPHONEOS_DEPLOYMENT_TARGET = 26.2;
				LOCALIZATION_PREFERS_STRING_CATALOGS = YES;
				MTL_ENABLE_DEBUG_INFO = NO;
				MTL_FAST_MATH = YES;
				SDKROOT = iphoneos;
				SWIFT_COMPILATION_MODE = wholemodule;
				VALIDATE_PRODUCT = YES;
			};
			name = Release;
		};
		74FFDD9A2F39C9CB0067C958 /* Debug */ = {
			isa = XCBuildConfiguration;
			buildSettings = {
				ASSETCATALOG_COMPILER_APPICON_NAME = AppIcon;
				ASSETCATALOG_COMPILER_GLOBAL_ACCENT_COLOR_NAME = AccentColor;
				ASSETCATALOG_COMPILER_INCLUDE_ALL_APPICON_ASSETS = YES;
				CODE_SIGN_ENTITLEMENTS = "supreme-typer/s-type.entitlements";
				CODE_SIGN_STYLE = Automatic;
				CURRENT_PROJECT_VERSION = 1;
				DEVELOPMENT_TEAM = Z78RY57YHH;
				ENABLE_PREVIEWS = YES;
				GENERATE_INFOPLIST_FILE = YES;
				INFOPLIST_KEY_UIApplicationSceneManifest_Generation = YES;
				INFOPLIST_KEY_UIApplicationSupportsIndirectInputEvents = YES;
				INFOPLIST_KEY_UILaunchScreen_Generation = YES;
				INFOPLIST_KEY_UISupportedInterfaceOrientations_iPad = "UIInterfaceOrientationPortrait UIInterfaceOrientationPortraitUpsideDown UIInterfaceOrientationLandscapeLeft UIInterfaceOrientationLandscapeRight";
				INFOPLIST_KEY_UISupportedInterfaceOrientations_iPhone = "UIInterfaceOrientationPortrait UIInterfaceOrientationLandscapeLeft UIInterfaceOrientationLandscapeRight";
				LD_RUNPATH_SEARCH_PATHS = (
					"$(inherited)",
					"@executable_path/Frameworks",
				);
				MARKETING_VERSION = 1.0;
				PRODUCT_BUNDLE_IDENTIFIER = "com.nixxie.s-type";
				PRODUCT_NAME = "$(TARGET_NAME)";
				STRING_CATALOG_GENERATE_SYMBOLS = YES;
				SWIFT_APPROACHABLE_CONCURRENCY = YES;
				SWIFT_DEFAULT_ACTOR_ISOLATION = MainActor;
				SWIFT_EMIT_LOC_STRINGS = YES;
				SWIFT_UPCOMING_FEATURE_MEMBER_IMPORT_VISIBILITY = YES;
				SWIFT_VERSION = 5.0;
				TARGETED_DEVICE_FAMILY = "1,2";
			};
			name = Debug;
		};
		74FFDD9B2F39C9CB0067C958 /* Release */ = {
			isa = XCBuildConfiguration;
			buildSettings = {
				ASSETCATALOG_COMPILER_APPICON_NAME = AppIcon;
				ASSETCATALOG_COMPILER_GLOBAL_ACCENT_COLOR_NAME = AccentColor;
				ASSETCATALOG_COMPILER_INCLUDE_ALL_APPICON_ASSETS = YES;
				CODE_SIGN_ENTITLEMENTS = "supreme-typer/s-type.entitlements";
				CODE_SIGN_STYLE = Automatic;
				CURRENT_PROJECT_VERSION = 1;
				DEVELOPMENT_TEAM = Z78RY57YHH;
				ENABLE_PREVIEWS = YES;
				GENERATE_INFOPLIST_FILE = YES;
				INFOPLIST_KEY_UIApplicationSceneManifest_Generation = YES;
				INFOPLIST_KEY_UIApplicationSupportsIndirectInputEvents = YES;
				INFOPLIST_KEY_UILaunchScreen_Generation = YES;
				INFOPLIST_KEY_UISupportedInterfaceOrientations_iPad = "UIInterfaceOrientationPortrait UIInterfaceOrientationPortraitUpsideDown UIInterfaceOrientationLandscapeLeft UIInterfaceOrientationLandscapeRight";
				INFOPLIST_KEY_UISupportedInterfaceOrientations_iPhone = "UIInterfaceOrientationPortrait UIInterfaceOrientationLandscapeLeft UIInterfaceOrientationLandscapeRight";
				LD_RUNPATH_SEARCH_PATHS = (
					"$(inherited)",
					"@executable_path/Frameworks",
				);
				MARKETING_VERSION = 1.0;
				PRODUCT_BUNDLE_IDENTIFIER = "com.nixxie.s-type";
				PRODUCT_NAME = "$(TARGET_NAME)";
				STRING_CATALOG_GENERATE_SYMBOLS = YES;
				SWIFT_APPROACHABLE_CONCURRENCY = YES;
				SWIFT_DEFAULT_ACTOR_ISOLATION = MainActor;
				SWIFT_EMIT_LOC_STRINGS = YES;
				SWIFT_UPCOMING_FEATURE_MEMBER_IMPORT_VISIBILITY = YES;
				SWIFT_VERSION = 5.0;
				TARGETED_DEVICE_FAMILY = "1,2";
			};
			name = Release;
		};
		74FFDDAA2F39CC3D0067C958 /* Debug */ = {
			isa = XCBuildConfiguration;
			buildSettings = {
				CODE_SIGN_ENTITLEMENTS = "";
				CODE_SIGN_STYLE = Automatic;
				CURRENT_PROJECT_VERSION = 1;
				DEVELOPMENT_TEAM = Z78RY57YHH;
				GENERATE_INFOPLIST_FILE = YES;
				INFOPLIST_FILE = "supreme-typer-keybaord/Info.plist";
				INFOPLIST_KEY_CFBundleDisplayName = "s-type-keybaord";
				INFOPLIST_KEY_NSHumanReadableCopyright = "";
				LD_RUNPATH_SEARCH_PATHS = (
					"$(inherited)",
					"@executable_path/Frameworks",
					"@executable_path/../../Frameworks",
				);
				MARKETING_VERSION = 1.0;
				PRODUCT_BUNDLE_IDENTIFIER = "com.nixxie.s-type.s-type-keybaord";
				PRODUCT_NAME = "$(TARGET_NAME)";
				SKIP_INSTALL = YES;
				STRING_CATALOG_GENERATE_SYMBOLS = YES;
				SWIFT_APPROACHABLE_CONCURRENCY = YES;
				SWIFT_EMIT_LOC_STRINGS = YES;
				SWIFT_UPCOMING_FEATURE_MEMBER_IMPORT_VISIBILITY = YES;
				SWIFT_VERSION = 5.0;
				TARGETED_DEVICE_FAMILY = "1,2";
			};
			name = Debug;
		};
		74FFDDAB2F39CC3D0067C958 /* Release */ = {
			isa = XCBuildConfiguration;
			buildSettings = {
				CODE_SIGN_ENTITLEMENTS = "";
				CODE_SIGN_STYLE = Automatic;
				CURRENT_PROJECT_VERSION = 1;
				DEVELOPMENT_TEAM = Z78RY57YHH;
				GENERATE_INFOPLIST_FILE = YES;
				INFOPLIST_FILE = "supreme-typer-keybaord/Info.plist";
				INFOPLIST_KEY_CFBundleDisplayName = "s-type-keybaord";
				INFOPLIST_KEY_NSHumanReadableCopyright = "";
				LD_RUNPATH_SEARCH_PATHS = (
					"$(inherited)",
					"@executable_path/Frameworks",
					"@executable_path/../../Frameworks",
				);
				MARKETING_VERSION = 1.0;
				PRODUCT_BUNDLE_IDENTIFIER = "com.nixxie.s-type.s-type-keybaord";
				PRODUCT_NAME = "$(TARGET_NAME)";
				SKIP_INSTALL = YES;
				STRING_CATALOG_GENERATE_SYMBOLS = YES;
				SWIFT_APPROACHABLE_CONCURRENCY = YES;
				SWIFT_EMIT_LOC_STRINGS = YES;
				SWIFT_UPCOMING_FEATURE_MEMBER_IMPORT_VISIBILITY = YES;
				SWIFT_VERSION = 5.0;
				TARGETED_DEVICE_FAMILY = "1,2";
			};
			name = Release;
		};
/* End XCBuildConfiguration section */

/* Begin XCConfigurationList section */
		74FFDD892F39C9CA0067C958 /* Build configuration list for PBXProject "supreme-typer" */ = {
			isa = XCConfigurationList;
			buildConfigurations = (
				74FFDD972F39C9CB0067C958 /* Debug */,
				74FFDD982F39C9CB0067C958 /* Release */,
			);
			defaultConfigurationIsVisible = 0;
			defaultConfigurationName = Release;
		};
		74FFDD992F39C9CB0067C958 /* Build configuration list for PBXNativeTarget "s-type" */ = {
			isa = XCConfigurationList;
			buildConfigurations = (
				74FFDD9A2F39C9CB0067C958 /* Debug */,
				74FFDD9B2F39C9CB0067C958 /* Release */,
			);
			defaultConfigurationIsVisible = 0;
			defaultConfigurationName = Release;
		};
		74FFDDA92F39CC3D0067C958 /* Build configuration list for PBXNativeTarget "s-type-keybaord" */ = {
			isa = XCConfigurationList;
			buildConfigurations = (
				74FFDDAA2F39CC3D0067C958 /* Debug */,
				74FFDDAB2F39CC3D0067C958 /* Release */,
			);
			defaultConfigurationIsVisible = 0;
			defaultConfigurationName = Release;
		};
/* End XCConfigurationList section */
	};
	rootObject = 74FFDD862F39C9CA0067C958 /* Project object */;
}
